
Microsoft Visual Studio Solution File, Format Version 12.00
# Visual Studio 15
VisualStudioVersion = 15.0.26228.9
MinimumVisualStudioVersion = 10.0.40219.1
Project("{FAE04EC0-301F-11D3-BF4B-00C04F79EFBC}") = "MyListViewApp", "MyListViewApp\MyListViewApp\MyListViewApp.csproj", "{90EFEE12-ED58-4A28-B916-9977A4BBE006}"
EndProject
Project("{FAE04EC0-301F-11D3-BF4B-00C04F79EFBC}") = "MyListViewApp.Droid", "MyListViewApp\MyListViewApp.Droid\MyListViewApp.Droid.csproj", "{1C8592C0-90C3-4F78-B91B-8E04D46DB0DC}"
EndProject
Project("{FAE04EC0-301F-11D3-BF4B-00C04F79EFBC}") = "MyListViewApp.iOS", "MyListViewApp\MyListViewApp.iOS\MyListViewApp.iOS.csproj", "{B1B21117-9DFA-4670-A83F-BBED91EC8FCB}"
EndProject
Project("{FAE04EC0-301F-11D3-BF4B-00C04F79EFBC}") = "MyListViewApp.UWP", "MyListViewApp\MyListViewApp.UWP\MyListViewApp.UWP.csproj", "{F3EC3BCD-1135-4099-859D-B9619BF3832D}"
EndProject
Global
	GlobalSection(SolutionConfigurationPlatforms) = preSolution
		Ad-Hoc|Any CPU = Ad-Hoc|Any CPU
		Ad-Hoc|ARM = Ad-Hoc|ARM
		Ad-Hoc|iPhone = Ad-Hoc|iPhone
		Ad-Hoc|iPhoneSimulator = Ad-Hoc|iPhoneSimulator
		Ad-Hoc|x64 = Ad-Hoc|x64
		Ad-Hoc|x86 = Ad-Hoc|x86
		AppStore|Any CPU = AppStore|Any CPU
		AppStore|ARM = AppStore|ARM
		AppStore|iPhone = AppStore|iPhone
		AppStore|iPhoneSimulator = AppStore|iPhoneSimulator
		AppStore|x64 = AppStore|x64
		AppStore|x86 = AppStore|x86
		Debug|Any CPU = Debug|Any CPU
		Debug|ARM = Debug|ARM
		Debug|iPhone = Debug|iPhone
		Debug|iPhoneSimulator = Debug|iPhoneSimulator
		Debug|x64 = Debug|x64
		Debug|x86 = Debug|x86
		Release|Any CPU = Release|Any CPU
		Release|ARM = Release|ARM
		Release|iPhone = Release|iPhone
		Release|iPhoneSimulator = Release|iPhoneSimulator
		Release|x64 = Release|x64
		Release|x86 = Release|x86
	EndGlobalSection
	GlobalSection(ProjectConfigurationPlatforms) = postSolution
		{90EFEE12-ED58-4A28-B916-9977A4BBE006}.Ad-Hoc|Any CPU.ActiveCfg = Release|Any CPU
		{90EFEE12-ED58-4A28-B916-9977A4BBE006}.Ad-Hoc|Any CPU.Build.0 = Release|Any CPU
		{90EFEE12-ED58-4A28-B916-9977A4BBE006}.Ad-Hoc|ARM.ActiveCfg = Release|Any CPU
		{90EFEE12-ED58-4A28-B916-9977A4BBE006}.Ad-Hoc|ARM.Build.0 = Release|Any CPU
		{90EFEE12-ED58-4A28-B916-9977A4BBE006}.Ad-Hoc|iPhone.ActiveCfg = Release|Any CPU
		{90EFEE12-ED58-4A28-B916-9977A4BBE006}.Ad-Hoc|iPhone.Build.0 = Release|Any CPU
		{90EFEE12-ED58-4A28-B916-9977A4BBE006}.Ad-Hoc|iPhoneSimulator.ActiveCfg = Release|Any CPU
		{90EFEE12-ED58-4A28-B916-9977A4BBE006}.Ad-Hoc|iPhoneSimulator.Build.0 = Release|Any CPU
		{90EFEE12-ED58-4A28-B916-9977A4BBE006}.Ad-Hoc|x64.ActiveCfg = Release|Any CPU
		{90EFEE12-ED58-4A28-B916-9977A4BBE006}.Ad-Hoc|x64.Build.0 = Release|Any CPU
		{90EFEE12-ED58-4A28-B916-9977A4BBE006}.Ad-Hoc|x86.ActiveCfg = Release|Any CPU
		{90EFEE12-ED58-4A28-B916-9977A4BBE006}.Ad-Hoc|x86.Build.0 = Release|Any CPU
		{90EFEE12-ED58-4A28-B916-9977A4BBE006}.AppStore|Any CPU.ActiveCfg = Release|Any CPU
		{90EFEE12-ED58-4A28-B916-9977A4BBE006}.AppStore|Any CPU.Build.0 = Release|Any CPU
		{90EFEE12-ED58-4A28-B916-9977A4BBE006}.AppStore|ARM.ActiveCfg = Release|Any CPU
		{90EFEE12-ED58-4A28-B916-9977A4BBE006}.AppStore|ARM.Build.0 = Release|Any CPU
		{90EFEE12-ED58-4A28-B916-9977A4BBE006}.AppStore|iPhone.ActiveCfg = Release|Any CPU
		{90EFEE12-ED58-4A28-B916-9977A4BBE006}.AppStore|iPhone.Build.0 = Release|Any CPU
		{90EFEE12-ED58-4A28-B916-9977A4BBE006}.AppStore|iPhoneSimulator.ActiveCfg = Release|Any CPU
		{90EFEE12-ED58-4A28-B916-9977A4BBE006}.AppStore|iPhoneSimulator.Build.0 = Release|Any CPU
		{90EFEE12-ED58-4A28-B916-9977A4BBE006}.AppStore|x64.ActiveCfg = Release|Any CPU
		{90EFEE12-ED58-4A28-B916-9977A4BBE006}.AppStore|x64.Build.0 = Release|Any CPU
		{90EFEE12-ED58-4A28-B916-9977A4BBE006}.AppStore|x86.ActiveCfg = Release|Any CPU
		{90EFEE12-ED58-4A28-B916-9977A4BBE006}.AppStore|x86.Build.0 = Release|Any CPU
		{90EFEE12-ED58-4A28-B916-9977A4BBE006}.Debug|Any CPU.ActiveCfg = Debug|Any CPU
		{90EFEE12-ED58-4A28-B916-9977A4BBE006}.Debug|Any CPU.Build.0 = Debug|Any CPU
		{90EFEE12-ED58-4A28-B916-9977A4BBE006}.Debug|ARM.ActiveCfg = Debug|Any CPU
		{90EFEE12-ED58-4A28-B916-9977A4BBE006}.Debug|ARM.Build.0 = Debug|Any CPU
		{90EFEE12-ED58-4A28-B916-9977A4BBE006}.Debug|iPhone.ActiveCfg = Debug|Any CPU
		{90EFEE12-ED58-4A28-B916-9977A4BBE006}.Debug|iPhone.Build.0 = Debug|Any CPU
		{90EFEE12-ED58-4A28-B916-9977A4BBE006}.Debug|iPhoneSimulator.ActiveCfg = Debug|Any CPU
		{90EFEE12-ED58-4A28-B916-9977A4BBE006}.Debug|iPhoneSimulator.Build.0 = Debug|Any CPU
		{90EFEE12-ED58-4A28-B916-9977A4BBE006}.Debug|x64.ActiveCfg = Debug|Any CPU
		{90EFEE12-ED58-4A28-B916-9977A4BBE006}.Debug|x64.Build.0 = Debug|Any CPU
		{90EFEE12-ED58-4A28-B916-9977A4BBE006}.Debug|x86.ActiveCfg = Debug|Any CPU
		{90EFEE12-ED58-4A28-B916-9977A4BBE006}.Debug|x86.Build.0 = Debug|Any CPU
		{90EFEE12-ED58-4A28-B916-9977A4BBE006}.Release|Any CPU.ActiveCfg = Release|Any CPU
		{90EFEE12-ED58-4A28-B916-9977A4BBE006}.Release|Any CPU.Build.0 = Release|Any CPU
		{90EFEE12-ED58-4A28-B916-9977A4BBE006}.Release|ARM.ActiveCfg = Release|Any CPU
		{90EFEE12-ED58-4A28-B916-9977A4BBE006}.Release|ARM.Build.0 = Release|Any CPU
		{90EFEE12-ED58-4A28-B916-9977A4BBE006}.Release|iPhone.ActiveCfg = Release|Any CPU
		{90EFEE12-ED58-4A28-B916-9977A4BBE006}.Release|iPhone.Build.0 = Release|Any CPU
		{90EFEE12-ED58-4A28-B916-9977A4BBE006}.Release|iPhoneSimulator.ActiveCfg = Release|Any CPU
		{90EFEE12-ED58-4A28-B916-9977A4BBE006}.Release|iPhoneSimulator.Build.0 = Release|Any CPU
		{90EFEE12-ED58-4A28-B916-9977A4BBE006}.Release|x64.ActiveCfg = Release|Any CPU
		{90EFEE12-ED58-4A28-B916-9977A4BBE006}.Release|x64.Build.0 = Release|Any CPU
		{90EFEE12-ED58-4A28-B916-9977A4BBE006}.Release|x86.ActiveCfg = Release|Any CPU
		{90EFEE12-ED58-4A28-B916-9977A4BBE006}.Release|x86.Build.0 = Release|Any CPU
		{1C8592C0-90C3-4F78-B91B-8E04D46DB0DC}.Ad-Hoc|Any CPU.ActiveCfg = Release|Any CPU
		{1C8592C0-90C3-4F78-B91B-8E04D46DB0DC}.Ad-Hoc|Any CPU.Build.0 = Release|Any CPU
		{1C8592C0-90C3-4F78-B91B-8E04D46DB0DC}.Ad-Hoc|Any CPU.Deploy.0 = Release|Any CPU
		{1C8592C0-90C3-4F78-B91B-8E04D46DB0DC}.Ad-Hoc|ARM.ActiveCfg = Release|Any CPU
		{1C8592C0-90C3-4F78-B91B-8E04D46DB0DC}.Ad-Hoc|ARM.Build.0 = Release|Any CPU
		{1C8592C0-90C3-4F78-B91B-8E04D46DB0DC}.Ad-Hoc|ARM.Deploy.0 = Release|Any CPU
		{1C8592C0-90C3-4F78-B91B-8E04D46DB0DC}.Ad-Hoc|iPhone.ActiveCfg = Release|Any CPU
		{1C8592C0-90C3-4F78-B91B-8E04D46DB0DC}.Ad-Hoc|iPhone.Build.0 = Release|Any CPU
		{1C8592C0-90C3-4F78-B91B-8E04D46DB0DC}.Ad-Hoc|iPhone.Deploy.0 = Release|Any CPU
		{1C8592C0-90C3-4F78-B91B-8E04D46DB0DC}.Ad-Hoc|iPhoneSimulator.ActiveCfg = Release|Any CPU
		{1C8592C0-90C3-4F78-B91B-8E04D46DB0DC}.Ad-Hoc|iPhoneSimulator.Build.0 = Release|Any CPU
		{1C8592C0-90C3-4F78-B91B-8E04D46DB0DC}.Ad-Hoc|iPhoneSimulator.Deploy.0 = Release|Any CPU
		{1C8592C0-90C3-4F78-B91B-8E04D46DB0DC}.Ad-Hoc|x64.ActiveCfg = Release|Any CPU
		{1C8592C0-90C3-4F78-B91B-8E04D46DB0DC}.Ad-Hoc|x64.Build.0 = Release|Any CPU
		{1C8592C0-90C3-4F78-B91B-8E04D46DB0DC}.Ad-Hoc|x64.Deploy.0 = Release|Any CPU
		{1C8592C0-90C3-4F78-B91B-8E04D46DB0DC}.Ad-Hoc|x86.ActiveCfg = Release|Any CPU
		{1C8592C0-90C3-4F78-B91B-8E04D46DB0DC}.Ad-Hoc|x86.Build.0 = Release|Any CPU
		{1C8592C0-90C3-4F78-B91B-8E04D46DB0DC}.Ad-Hoc|x86.Deploy.0 = Release|Any CPU
		{1C8592C0-90C3-4F78-B91B-8E04D46DB0DC}.AppStore|Any CPU.ActiveCfg = Release|Any CPU
		{1C8592C0-90C3-4F78-B91B-8E04D46DB0DC}.AppStore|Any CPU.Build.0 = Release|Any CPU
		{1C8592C0-90C3-4F78-B91B-8E04D46DB0DC}.AppStore|Any CPU.Deploy.0 = Release|Any CPU
		{1C8592C0-90C3-4F78-B91B-8E04D46DB0DC}.AppStore|ARM.ActiveCfg = Release|Any CPU
		{1C8592C0-90C3-4F78-B91B-8E04D46DB0DC}.AppStore|ARM.Build.0 = Release|Any CPU
		{1C8592C0-90C3-4F78-B91B-8E04D46DB0DC}.AppStore|ARM.Deploy.0 = Release|Any CPU
		{1C8592C0-90C3-4F78-B91B-8E04D46DB0DC}.AppStore|iPhone.ActiveCfg = Release|Any CPU
		{1C8592C0-90C3-4F78-B91B-8E04D46DB0DC}.AppStore|iPhone.Build.0 = Release|Any CPU
		{1C8592C0-90C3-4F78-B91B-8E04D46DB0DC}.AppStore|iPhone.Deploy.0 = Release|Any CPU
		{1C8592C0-90C3-4F78-B91B-8E04D46DB0DC}.AppStore|iPhoneSimulator.ActiveCfg = Release|Any CPU
		{1C8592C0-90C3-4F78-B91B-8E04D46DB0DC}.AppStore|iPhoneSimulator.Build.0 = Release|Any CPU
		{1C8592C0-90C3-4F78-B91B-8E04D46DB0DC}.AppStore|iPhoneSimulator.Deploy.0 = Release|Any CPU
		{1C8592C0-90C3-4F78-B91B-8E04D46DB0DC}.AppStore|x64.ActiveCfg = Release|Any CPU
		{1C8592C0-90C3-4F78-B91B-8E04D46DB0DC}.AppStore|x64.Build.0 = Release|Any CPU
		{1C8592C0-90C3-4F78-B91B-8E04D46DB0DC}.AppStore|x64.Deploy.0 = Release|Any CPU
		{1C8592C0-90C3-4F78-B91B-8E04D46DB0DC}.AppStore|x86.ActiveCfg = Release|Any CPU
		{1C8592C0-90C3-4F78-B91B-8E04D46DB0DC}.AppStore|x86.Build.0 = Release|Any CPU
		{1C8592C0-90C3-4F78-B91B-8E04D46DB0DC}.AppStore|x86.Deploy.0 = Release|Any CPU
		{1C8592C0-90C3-4F78-B91B-8E04D46DB0DC}.Debug|Any CPU.ActiveCfg = Debug|Any CPU
		{1C8592C0-90C3-4F78-B91B-8E04D46DB0DC}.Debug|Any CPU.Build.0 = Debug|Any CPU
		{1C8592C0-90C3-4F78-B91B-8E04D46DB0DC}.Debug|Any CPU.Deploy.0 = Debug|Any CPU
		{1C8592C0-90C3-4F78-B91B-8E04D46DB0DC}.Debug|ARM.ActiveCfg = Debug|Any CPU
		{1C8592C0-90C3-4F78-B91B-8E04D46DB0DC}.Debug|ARM.Build.0 = Debug|Any CPU
		{1C8592C0-90C3-4F78-B91B-8E04D46DB0DC}.Debug|ARM.Deploy.0 = Debug|Any CPU
		{1C8592C0-90C3-4F78-B91B-8E04D46DB0DC}.Debug|iPhone.ActiveCfg = Debug|Any CPU
		{1C8592C0-90C3-4F78-B91B-8E04D46DB0DC}.Debug|iPhone.Build.0 = Debug|Any CPU
		{1C8592C0-90C3-4F78-B91B-8E04D46DB0DC}.Debug|iPhone.Deploy.0 = Debug|Any CPU
		{1C8592C0-90C3-4F78-B91B-8E04D46DB0DC}.Debug|iPhoneSimulator.ActiveCfg = Debug|Any CPU
		{1C8592C0-90C3-4F78-B91B-8E04D46DB0DC}.Debug|iPhoneSimulator.Build.0 = Debug|Any CPU
		{1C8592C0-90C3-4F78-B91B-8E04D46DB0DC}.Debug|iPhoneSimulator.Deploy.0 = Debug|Any CPU
		{1C8592C0-90C3-4F78-B91B-8E04D46DB0DC}.Debug|x64.ActiveCfg = Debug|Any CPU
		{1C8592C0-90C3-4F78-B91B-8E04D46DB0DC}.Debug|x64.Build.0 = Debug|Any CPU
		{1C8592C0-90C3-4F78-B91B-8E04D46DB0DC}.Debug|x64.Deploy.0 = Debug|Any CPU
		{1C8592C0-90C3-4F78-B91B-8E04D46DB0DC}.Debug|x86.ActiveCfg = Debug|Any CPU
		{1C8592C0-90C3-4F78-B91B-8E04D46DB0DC}.Debug|x86.Build.0 = Debug|Any CPU
		{1C8592C0-90C3-4F78-B91B-8E04D46DB0DC}.Debug|x86.Deploy.0 = Debug|Any CPU
		{1C8592C0-90C3-4F78-B91B-8E04D46DB0DC}.Release|Any CPU.ActiveCfg = Release|Any CPU
		{1C8592C0-90C3-4F78-B91B-8E04D46DB0DC}.Release|Any CPU.Build.0 = Release|Any CPU
		{1C8592C0-90C3-4F78-B91B-8E04D46DB0DC}.Release|Any CPU.Deploy.0 = Release|Any CPU
		{1C8592C0-90C3-4F78-B91B-8E04D46DB0DC}.Release|ARM.ActiveCfg = Release|Any CPU
		{1C8592C0-90C3-4F78-B91B-8E04D46DB0DC}.Release|ARM.Build.0 = Release|Any CPU
		{1C8592C0-90C3-4F78-B91B-8E04D46DB0DC}.Release|ARM.Deploy.0 = Release|Any CPU
		{1C8592C0-90C3-4F78-B91B-8E04D46DB0DC}.Release|iPhone.ActiveCfg = Release|Any CPU
		{1C8592C0-90C3-4F78-B91B-8E04D46DB0DC}.Release|iPhone.Build.0 = Release|Any CPU
		{1C8592C0-90C3-4F78-B91B-8E04D46DB0DC}.Release|iPhone.Deploy.0 = Release|Any CPU
		{1C8592C0-90C3-4F78-B91B-8E04D46DB0DC}.Release|iPhoneSimulator.ActiveCfg = Release|Any CPU
		{1C8592C0-90C3-4F78-B91B-8E04D46DB0DC}.Release|iPhoneSimulator.Build.0 = Release|Any CPU
		{1C8592C0-90C3-4F78-B91B-8E04D46DB0DC}.Release|iPhoneSimulator.Deploy.0 = Release|Any CPU
		{1C8592C0-90C3-4F78-B91B-8E04D46DB0DC}.Release|x64.ActiveCfg = Release|Any CPU
		{1C8592C0-90C3-4F78-B91B-8E04D46DB0DC}.Release|x64.Build.0 = Release|Any CPU
		{1C8592C0-90C3-4F78-B91B-8E04D46DB0DC}.Release|x64.Deploy.0 = Release|Any CPU
		{1C8592C0-90C3-4F78-B91B-8E04D46DB0DC}.Release|x86.ActiveCfg = Release|Any CPU
		{1C8592C0-90C3-4F78-B91B-8E04D46DB0DC}.Release|x86.Build.0 = Release|Any CPU
		{1C8592C0-90C3-4F78-B91B-8E04D46DB0DC}.Release|x86.Deploy.0 = Release|Any CPU
		{B1B21117-9DFA-4670-A83F-BBED91EC8FCB}.Ad-Hoc|Any CPU.ActiveCfg = Ad-Hoc|iPhone
		{B1B21117-9DFA-4670-A83F-BBED91EC8FCB}.Ad-Hoc|ARM.ActiveCfg = Ad-Hoc|iPhone
		{B1B21117-9DFA-4670-A83F-BBED91EC8FCB}.Ad-Hoc|iPhone.ActiveCfg = Ad-Hoc|iPhone
		{B1B21117-9DFA-4670-A83F-BBED91EC8FCB}.Ad-Hoc|iPhone.Build.0 = Ad-Hoc|iPhone
		{B1B21117-9DFA-4670-A83F-BBED91EC8FCB}.Ad-Hoc|iPhoneSimulator.ActiveCfg = Ad-Hoc|iPhoneSimulator
		{B1B21117-9DFA-4670-A83F-BBED91EC8FCB}.Ad-Hoc|iPhoneSimulator.Build.0 = Ad-Hoc|iPhoneSimulator
		{B1B21117-9DFA-4670-A83F-BBED91EC8FCB}.Ad-Hoc|x64.ActiveCfg = Ad-Hoc|iPhone
		{B1B21117-9DFA-4670-A83F-BBED91EC8FCB}.Ad-Hoc|x86.ActiveCfg = Ad-Hoc|iPhone
		{B1B21117-9DFA-4670-A83F-BBED91EC8FCB}.AppStore|Any CPU.ActiveCfg = AppStore|iPhone
		{B1B21117-9DFA-4670-A83F-BBED91EC8FCB}.AppStore|ARM.ActiveCfg = AppStore|iPhone
		{B1B21117-9DFA-4670-A83F-BBED91EC8FCB}.AppStore|iPhone.ActiveCfg = AppStore|iPhone
		{B1B21117-9DFA-4670-A83F-BBED91EC8FCB}.AppStore|iPhone.Build.0 = AppStore|iPhone
		{B1B21117-9DFA-4670-A83F-BBED91EC8FCB}.AppStore|iPhoneSimulator.ActiveCfg = AppStore|iPhoneSimulator
		{B1B21117-9DFA-4670-A83F-BBED91EC8FCB}.AppStore|iPhoneSimulator.Build.0 = AppStore|iPhoneSimulator
		{B1B21117-9DFA-4670-A83F-BBED91EC8FCB}.AppStore|x64.ActiveCfg = AppStore|iPhone
		{B1B21117-9DFA-4670-A83F-BBED91EC8FCB}.AppStore|x86.ActiveCfg = AppStore|iPhone
		{B1B21117-9DFA-4670-A83F-BBED91EC8FCB}.Debug|Any CPU.ActiveCfg = Debug|iPhone
		{B1B21117-9DFA-4670-A83F-BBED91EC8FCB}.Debug|ARM.ActiveCfg = Debug|iPhone
		{B1B21117-9DFA-4670-A83F-BBED91EC8FCB}.Debug|iPhone.ActiveCfg = Debug|iPhone
		{B1B21117-9DFA-4670-A83F-BBED91EC8FCB}.Debug|iPhone.Build.0 = Debug|iPhone
		{B1B21117-9DFA-4670-A83F-BBED91EC8FCB}.Debug|iPhoneSimulator.ActiveCfg = Debug|iPhoneSimulator
		{B1B21117-9DFA-4670-A83F-BBED91EC8FCB}.Debug|iPhoneSimulator.Build.0 = Debug|iPhoneSimulator
		{B1B21117-9DFA-4670-A83F-BBED91EC8FCB}.Debug|x64.ActiveCfg = Debug|iPhone
		{B1B21117-9DFA-4670-A83F-BBED91EC8FCB}.Debug|x86.ActiveCfg = Debug|iPhone
		{B1B21117-9DFA-4670-A83F-BBED91EC8FCB}.Release|Any CPU.ActiveCfg = Release|iPhone
		{B1B21117-9DFA-4670-A83F-BBED91EC8FCB}.Release|ARM.ActiveCfg = Release|iPhone
		{B1B21117-9DFA-4670-A83F-BBED91EC8FCB}.Release|iPhone.ActiveCfg = Release|iPhone
		{B1B21117-9DFA-4670-A83F-BBED91EC8FCB}.Release|iPhone.Build.0 = Release|iPhone
		{B1B21117-9DFA-4670-A83F-BBED91EC8FCB}.Release|iPhoneSimulator.ActiveCfg = Release|iPhoneSimulator
		{B1B21117-9DFA-4670-A83F-BBED91EC8FCB}.Release|iPhoneSimulator.Build.0 = Release|iPhoneSimulator
		{B1B21117-9DFA-4670-A83F-BBED91EC8FCB}.Release|x64.ActiveCfg = Release|iPhone
		{B1B21117-9DFA-4670-A83F-BBED91EC8FCB}.Release|x86.ActiveCfg = Release|iPhone
		{F3EC3BCD-1135-4099-859D-B9619BF3832D}.Ad-Hoc|Any CPU.ActiveCfg = Release|x86
		{F3EC3BCD-1135-4099-859D-B9619BF3832D}.Ad-Hoc|Any CPU.Build.0 = Release|x86
		{F3EC3BCD-1135-4099-859D-B9619BF3832D}.Ad-Hoc|Any CPU.Deploy.0 = Release|x86
		{F3EC3BCD-1135-4099-859D-B9619BF3832D}.Ad-Hoc|ARM.ActiveCfg = Release|ARM
		{F3EC3BCD-1135-4099-859D-B9619BF3832D}.Ad-Hoc|ARM.Build.0 = Release|ARM
		{F3EC3BCD-1135-4099-859D-B9619BF3832D}.Ad-Hoc|ARM.Deploy.0 = Release|ARM
		{F3EC3BCD-1135-4099-859D-B9619BF3832D}.Ad-Hoc|iPhone.ActiveCfg = Release|x86
		{F3EC3BCD-1135-4099-859D-B9619BF3832D}.Ad-Hoc|iPhone.Build.0 = Release|x86
		{F3EC3BCD-1135-4099-859D-B9619BF3832D}.Ad-Hoc|iPhone.Deploy.0 = Release|x86
		{F3EC3BCD-1135-4099-859D-B9619BF3832D}.Ad-Hoc|iPhoneSimulator.ActiveCfg = Release|x86
		{F3EC3BCD-1135-4099-859D-B9619BF3832D}.Ad-Hoc|iPhoneSimulator.Build.0 = Release|x86
		{F3EC3BCD-1135-4099-859D-B9619BF3832D}.Ad-Hoc|iPhoneSimulator.Deploy.0 = Release|x86
		{F3EC3BCD-1135-4099-859D-B9619BF3832D}.Ad-Hoc|x64.ActiveCfg = Release|x64
		{F3EC3BCD-1135-4099-859D-B9619BF3832D}.Ad-Hoc|x64.Build.0 = Release|x64
		{F3EC3BCD-1135-4099-859D-B9619BF3832D}.Ad-Hoc|x64.Deploy.0 = Release|x64
		{F3EC3BCD-1135-4099-859D-B9619BF3832D}.Ad-Hoc|x86.ActiveCfg = Release|x86
		{F3EC3BCD-1135-4099-859D-B9619BF3832D}.Ad-Hoc|x86.Build.0 = Release|x86
		{F3EC3BCD-1135-4099-859D-B9619BF3832D}.Ad-Hoc|x86.Deploy.0 = Release|x86
		{F3EC3BCD-1135-4099-859D-B9619BF3832D}.AppStore|Any CPU.ActiveCfg = Release|x86
		{F3EC3BCD-1135-4099-859D-B9619BF3832D}.AppStore|Any CPU.Build.0 = Release|x86
		{F3EC3BCD-1135-4099-859D-B9619BF3832D}.AppStore|Any CPU.Deploy.0 = Release|x86
		{F3EC3BCD-1135-4099-859D-B9619BF3832D}.AppStore|ARM.ActiveCfg = Release|ARM
		{F3EC3BCD-1135-4099-859D-B9619BF3832D}.AppStore|ARM.Build.0 = Release|ARM
		{F3EC3BCD-1135-4099-859D-B9619BF3832D}.AppStore|ARM.Deploy.0 = Release|ARM
		{F3EC3BCD-1135-4099-859D-B9619BF3832D}.AppStore|iPhone.ActiveCfg = Release|x86
		{F3EC3BCD-1135-4099-859D-B9619BF3832D}.AppStore|iPhone.Build.0 = Release|x86
		{F3EC3BCD-1135-4099-859D-B9619BF3832D}.AppStore|iPhone.Deploy.0 = Release|x86
		{F3EC3BCD-1135-4099-859D-B9619BF3832D}.AppStore|iPhoneSimulator.ActiveCfg = Release|x86
		{F3EC3BCD-1135-4099-859D-B9619BF3832D}.AppStore|iPhoneSimulator.Build.0 = Release|x86
		{F3EC3BCD-1135-4099-859D-B9619BF3832D}.AppStore|iPhoneSimulator.Deploy.0 = Release|x86
		{F3EC3BCD-1135-4099-859D-B9619BF3832D}.AppStore|x64.ActiveCfg = Release|x64
		{F3EC3BCD-1135-4099-859D-B9619BF3832D}.AppStore|x64.Build.0 = Release|x64
		{F3EC3BCD-1135-4099-859D-B9619BF3832D}.AppStore|x64.Deploy.0 = Release|x64
		{F3EC3BCD-1135-4099-859D-B9619BF3832D}.AppStore|x86.ActiveCfg = Release|x86
		{F3EC3BCD-1135-4099-859D-B9619BF3832D}.AppStore|x86.Build.0 = Release|x86
		{F3EC3BCD-1135-4099-859D-B9619BF3832D}.AppStore|x86.Deploy.0 = Release|x86
		{F3EC3BCD-1135-4099-859D-B9619BF3832D}.Debug|Any CPU.ActiveCfg = Debug|x86
		{F3EC3BCD-1135-4099-859D-B9619BF3832D}.Debug|ARM.ActiveCfg = Debug|ARM
		{F3EC3BCD-1135-4099-859D-B9619BF3832D}.Debug|ARM.Build.0 = Debug|ARM
		{F3EC3BCD-1135-4099-859D-B9619BF3832D}.Debug|ARM.Deploy.0 = Debug|ARM
		{F3EC3BCD-1135-4099-859D-B9619BF3832D}.Debug|iPhone.ActiveCfg = Debug|x86
		{F3EC3BCD-1135-4099-859D-B9619BF3832D}.Debug|iPhoneSimulator.ActiveCfg = Debug|x86
		{F3EC3BCD-1135-4099-859D-B9619BF3832D}.Debug|x64.ActiveCfg = Debug|x64
		{F3EC3BCD-1135-4099-859D-B9619BF3832D}.Debug|x64.Build.0 = Debug|x64
		{F3EC3BCD-1135-4099-859D-B9619BF3832D}.Debug|x64.Deploy.0 = Debug|x64
		{F3EC3BCD-1135-4099-859D-B9619BF3832D}.Debug|x86.ActiveCfg = Debug|x86
		{F3EC3BCD-1135-4099-859D-B9619BF3832D}.Debug|x86.Build.0 = Debug|x86
		{F3EC3BCD-1135-4099-859D-B9619BF3832D}.Debug|x86.Deploy.0 = Debug|x86
		{F3EC3BCD-1135-4099-859D-B9619BF3832D}.Release|Any CPU.ActiveCfg = Release|x86
		{F3EC3BCD-1135-4099-859D-B9619BF3832D}.Release|ARM.ActiveCfg = Release|ARM
		{F3EC3BCD-1135-4099-859D-B9619BF3832D}.Release|ARM.Build.0 = Release|ARM
		{F3EC3BCD-1135-4099-859D-B9619BF3832D}.Release|ARM.Deploy.0 = Release|ARM
		{F3EC3BCD-1135-4099-859D-B9619BF3832D}.Release|iPhone.ActiveCfg = Release|x86
		{F3EC3BCD-1135-4099-859D-B9619BF3832D}.Release|iPhoneSimulator.ActiveCfg = Release|x86
		{F3EC3BCD-1135-4099-859D-B9619BF3832D}.Release|x64.ActiveCfg = Release|x64
		{F3EC3BCD-1135-4099-859D-B9619BF3832D}.Release|x64.Build.0 = Release|x64
		{F3EC3BCD-1135-4099-859D-B9619BF3832D}.Release|x64.Deploy.0 = Release|x64
		{F3EC3BCD-1135-4099-859D-B9619BF3832D}.Release|x86.ActiveCfg = Release|x86
		{F3EC3BCD-1135-4099-859D-B9619BF3832D}.Release|x86.Build.0 = Release|x86
		{F3EC3BCD-1135-4099-859D-B9619BF3832D}.Release|x86.Deploy.0 = Release|x86
	EndGlobalSection
	GlobalSection(SolutionProperties) = preSolution
		HideSolutionNode = FALSE
	EndGlobalSection
EndGlobal
